
Microsoft Visual Studio Solution File, Format Version 12.00
# Visual Studio 14
VisualStudioVersion = 14.0.25123.0
MinimumVisualStudioVersion = 10.0.40219.1
Project("{8BB2217D-0F2D-49D1-97BC-3654ED321F3B}") = "TestMvcCore", "TestMvcCore\TestMvcCore.xproj", "{68CDC482-F505-4074-BDB0-63425D12C27E}"
EndProject
Project("{8BB2217D-0F2D-49D1-97BC-3654ED321F3B}") = "TestWebApiCore", "TestWebApiCore\TestWebApiCore.xproj", "{CD267C1B-4784-4996-B831-00C24A6B2BE8}"
EndProject
Project("{2150E333-8FDC-42A3-9474-1A3956D46DE8}") = "IMPORTANTE", "IMPORTANTE", "{0F61479D-0A22-48F8-98C7-741908951F55}"
	ProjectSection(SolutionItems) = preProject
		README.txt = README.txt
		..\..\Program Files (x86)\Microsoft Visual Studio 14.0\Common7\IDE\CommonExtensions\Microsoft\TypeScript\typescriptServices.js = ..\..\Program Files (x86)\Microsoft Visual Studio 14.0\Common7\IDE\CommonExtensions\Microsoft\TypeScript\typescriptServices.js
	EndProjectSection
EndProject
Global
	GlobalSection(SolutionConfigurationPlatforms) = preSolution
		Debug|Any CPU = Debug|Any CPU
		Release|Any CPU = Release|Any CPU
	EndGlobalSection
	GlobalSection(ProjectConfigurationPlatforms) = postSolution
		{68CDC482-F505-4074-BDB0-63425D12C27E}.Debug|Any CPU.ActiveCfg = Debug|Any CPU
		{68CDC482-F505-4074-BDB0-63425D12C27E}.Debug|Any CPU.Build.0 = Debug|Any CPU
		{68CDC482-F505-4074-BDB0-63425D12C27E}.Release|Any CPU.ActiveCfg = Release|Any CPU
		{68CDC482-F505-4074-BDB0-63425D12C27E}.Release|Any CPU.Build.0 = Release|Any CPU
		{CD267C1B-4784-4996-B831-00C24A6B2BE8}.Debug|Any CPU.ActiveCfg = Debug|Any CPU
		{CD267C1B-4784-4996-B831-00C24A6B2BE8}.Debug|Any CPU.Build.0 = Debug|Any CPU
		{CD267C1B-4784-4996-B831-00C24A6B2BE8}.Release|Any CPU.ActiveCfg = Release|Any CPU
		{CD267C1B-4784-4996-B831-00C24A6B2BE8}.Release|Any CPU.Build.0 = Release|Any CPU
	EndGlobalSection
	GlobalSection(SolutionProperties) = preSolution
		HideSolutionNode = FALSE
	EndGlobalSection
EndGlobal
